
Microsoft Visual Studio Solution File, Format Version 12.00
# Visual Studio Version 17
VisualStudioVersion = 17.6.33815.320
MinimumVisualStudioVersion = 10.0.40219.1
Project("{FAE04EC0-301F-11D3-BF4B-00C04F79EFBC}") = "ReleaseTags", "ReleaseTags.csproj", "{03ECDAA4-A177-475A-B1D0-DC993BE1144F}"
EndProject
Global
	GlobalSection(SolutionConfigurationPlatforms) = preSolution
		Debug|Any CPU = Debug|Any CPU
		Release|Any CPU = Release|Any CPU
	EndGlobalSection
	GlobalSection(ProjectConfigurationPlatforms) = postSolution
		{03ECDAA4-A177-475A-B1D0-DC993BE1144F}.Debug|Any CPU.ActiveCfg = Debug|Any CPU
		{03ECDAA4-A177-475A-B1D0-DC993BE1144F}.Debug|Any CPU.Build.0 = Debug|Any CPU
		{03ECDAA4-A177-475A-B1D0-DC993BE1144F}.Release|Any CPU.ActiveCfg = Release|Any CPU
		{03ECDAA4-A177-475A-B1D0-DC993BE1144F}.Release|Any CPU.Build.0 = Release|Any CPU
	EndGlobalSection
	GlobalSection(SolutionProperties) = preSolution
		HideSolutionNode = FALSE
	EndGlobalSection
	GlobalSection(ExtensibilityGlobals) = postSolution
		SolutionGuid = {1C0C38B0-F865-4BB3-B539-E40DE6F5A9BC}
	EndGlobalSection
EndGlobal
